
Microsoft Visual Studio Solution File, Format Version 12.00
# Visual Studio 15
VisualStudioVersion = 15.0.28010.2003
MinimumVisualStudioVersion = 10.0.40219.1
Project("{FAE04EC0-301F-11D3-BF4B-00C04F79EFBC}") = "EHMSaver", "EHMSaver\EHMSaver.csproj", "{5AF59808-0683-41B0-9814-A6BB3BD3492B}"
EndProject
Global
	GlobalSection(SolutionConfigurationPlatforms) = preSolution
		Debug|Any CPU = Debug|Any CPU
		Release|Any CPU = Release|Any CPU
	EndGlobalSection
	GlobalSection(ProjectConfigurationPlatforms) = postSolution
		{5AF59808-0683-41B0-9814-A6BB3BD3492B}.Debug|Any CPU.ActiveCfg = Debug|Any CPU
		{5AF59808-0683-41B0-9814-A6BB3BD3492B}.Debug|Any CPU.Build.0 = Debug|Any CPU
		{5AF59808-0683-41B0-9814-A6BB3BD3492B}.Release|Any CPU.ActiveCfg = Release|Any CPU
		{5AF59808-0683-41B0-9814-A6BB3BD3492B}.Release|Any CPU.Build.0 = Release|Any CPU
	EndGlobalSection
	GlobalSection(SolutionProperties) = preSolution
		HideSolutionNode = FALSE
	EndGlobalSection
	GlobalSection(ExtensibilityGlobals) = postSolution
		SolutionGuid = {E2CE520D-48FD-4795-955A-B15036EE8FEF}
	EndGlobalSection
EndGlobal
